
Microsoft Visual Studio Solution File, Format Version 12.00
# Visual Studio 15
VisualStudioVersion = 15.0.26730.16
MinimumVisualStudioVersion = 10.0.40219.1
Project("{FAE04EC0-301F-11D3-BF4B-00C04F79EFBC}") = "LiviaVideo", "LiviaVideo\LiviaVideo.csproj", "{D0B407B2-B1C7-4EB3-A4D9-57FBA5148B51}"
EndProject
Global
	GlobalSection(SolutionConfigurationPlatforms) = preSolution
		Debug|Any CPU = Debug|Any CPU
		Release|Any CPU = Release|Any CPU
	EndGlobalSection
	GlobalSection(ProjectConfigurationPlatforms) = postSolution
		{D0B407B2-B1C7-4EB3-A4D9-57FBA5148B51}.Debug|Any CPU.ActiveCfg = Debug|Any CPU
		{D0B407B2-B1C7-4EB3-A4D9-57FBA5148B51}.Debug|Any CPU.Build.0 = Debug|Any CPU
		{D0B407B2-B1C7-4EB3-A4D9-57FBA5148B51}.Debug|Any CPU.Deploy.0 = Debug|Any CPU
		{D0B407B2-B1C7-4EB3-A4D9-57FBA5148B51}.Release|Any CPU.ActiveCfg = Release|Any CPU
		{D0B407B2-B1C7-4EB3-A4D9-57FBA5148B51}.Release|Any CPU.Build.0 = Release|Any CPU
		{D0B407B2-B1C7-4EB3-A4D9-57FBA5148B51}.Release|Any CPU.Deploy.0 = Release|Any CPU
	EndGlobalSection
	GlobalSection(SolutionProperties) = preSolution
		HideSolutionNode = FALSE
	EndGlobalSection
	GlobalSection(ExtensibilityGlobals) = postSolution
		SolutionGuid = {2DD131D2-3D28-4E58-A99D-A750CD9D0C8F}
	EndGlobalSection
EndGlobal
